# @generated - this file is auto-generated by `mise lock` https://mise.jdx.dev/dev-tools/mise-lock.html

lockfile_version = 1

[[tools."aqua:astral-sh/uv"]]
version = "0.12.13"
backend = "aqua:astral-sh/uv"
specifiers = ["0.12.13"]

[tools."aqua:astral-sh/uv"."platforms.linux-x64"]
checksum = "sha256:745765a3b6e360ad76743599ae5c42e9278c7edf8bbff9fc76d05bf2623a04dd"
url = "https://github.com/astral-sh/uv/releases/download/0.12.13/uv-x86_64-unknown-linux-gnu.tar.gz"
url_api = "https://api.github.com/repos/astral-sh/uv/releases/assets/555670375"
provenance = "github-attestations"

[tools."aqua:astral-sh/uv"."platforms.macos-arm64"]
checksum = "sha256:7e6ddb9316acc00f2296c82ff4d99977870ee34b2f0ddcae9444d714db9364ed"
url = "https://github.com/astral-sh/uv/releases/download/0.12.13/uv-aarch64-apple-darwin.tar.gz"
url_api = "https://api.github.com/repos/astral-sh/uv/releases/assets/555670160"
provenance = "github-attestations"

[tools."aqua:astral-sh/uv"."platforms.macos-x64"]
checksum = "sha256:5e287ef61cb6a9b61b3a83fef124fd143e400468a7dac794230147a810e17119"
url = "https://github.com/astral-sh/uv/releases/download/0.12.13/uv-x86_64-apple-darwin.tar.gz"
url_api = "https://api.github.com/repos/astral-sh/uv/releases/assets/555670348"
provenance = "github-attestations"

[tools."aqua:astral-sh/uv"."platforms.windows-x64"]
checksum = "sha256:a86c9dc7bad9b03f388583b7187c05fe9951c2e0d392217e8fd43d97787f6ec2"
url = "https://github.com/astral-sh/uv/releases/download/0.12.13/uv-x86_64-pc-windows-msvc.zip"
url_api = "https://api.github.com/repos/astral-sh/uv/releases/assets/555670362"
provenance = "github-attestations"

[[tools."cargo:https://github.com/cross-rs/cross"]]
version = "rev:8c1a8aa4b661711f4b7b6ac07c2e8929ce2f7d27"
backend = "cargo:https://github.com/cross-rs/cross"
specifiers = ["rev:8c1a8aa4b661711f4b7b6ac07c2e8929ce2f7d27"]

[tools."cargo:https://github.com/cross-rs/cross".options]
crate = "cross"
locked = "true"

[[tools."github:PyO3/maturin"]]
version = "1.15.0"
backend = "github:PyO3/maturin"
specifiers = ["1.15.0"]

[tools."github:PyO3/maturin"."platforms.linux-x64"]
checksum = "sha256:5a7d5226e83598b0c85881a0a03be16393ee2c0924b6f9d752951795825ac806"
url = "https://github.com/PyO3/maturin/releases/download/v1.15.0/maturin-x86_64-unknown-linux-musl.tar.gz"
url_api = "https://api.github.com/repos/PyO3/maturin/releases/assets/527562222"
provenance = "github-attestations"

[tools."github:PyO3/maturin"."platforms.macos-arm64"]
checksum = "sha256:d7a9ce82389e75aeaef8fdda43d35dbc956fac6a4b143a4c7b447b6ffadc7eaf"
url = "https://github.com/PyO3/maturin/releases/download/v1.15.0/maturin-aarch64-apple-darwin.tar.gz"
url_api = "https://api.github.com/repos/PyO3/maturin/releases/assets/527562235"
provenance = "github-attestations"

[tools."github:PyO3/maturin"."platforms.macos-x64"]
checksum = "sha256:d72809b92806a53bdc22074aeedc83af66f8bdb391e2c60bc72547c40ec10629"
url = "https://github.com/PyO3/maturin/releases/download/v1.15.0/maturin-x86_64-apple-darwin.tar.gz"
url_api = "https://api.github.com/repos/PyO3/maturin/releases/assets/527562233"
provenance = "github-attestations"

[tools."github:PyO3/maturin"."platforms.windows-x64"]
checksum = "sha256:c645dc55f848205210552e77f744685c90c35ae81fd03e47a9887ebdc8ae8299"
url = "https://github.com/PyO3/maturin/releases/download/v1.15.0/maturin-x86_64-pc-windows-msvc.zip"
url_api = "https://api.github.com/repos/PyO3/maturin/releases/assets/527562239"
provenance = "github-attestations"

[[tools.python]]
version = "3.13.15"
backend = "core:python"
specifiers = ["3.13.15"]

[tools.python."platforms.linux-x64"]
checksum = "sha256:d0b640eed27fbdd6f5f2bd33444aee53df2c8863f8b2a96f4094717411e3de9c"
url = "https://github.com/astral-sh/python-build-standalone/releases/download/20260924/cpython-3.13.15+20260924-x86_64-unknown-linux-gnu-install_only_stripped.tar.gz"
provenance = "github-attestations"

[tools.python."platforms.macos-arm64"]
checksum = "sha256:064afb7c2fc0bbf511d886288adf98696af5105e36c138cdf2c199c0146fcf68"
url = "https://github.com/astral-sh/python-build-standalone/releases/download/20260924/cpython-3.13.15+20260924-aarch64-apple-darwin-install_only_stripped.tar.gz"
provenance = "github-attestations"

[tools.python."platforms.macos-x64"]
checksum = "sha256:327814efd865a0b6a99c149b12a261e9d0ad409183515c745d41bda2d07282e9"
url = "https://github.com/astral-sh/python-build-standalone/releases/download/20260924/cpython-3.13.15+20260924-x86_64-apple-darwin-install_only_stripped.tar.gz"
provenance = "github-attestations"

[tools.python."platforms.windows-x64"]
checksum = "sha256:e42fa944748a50e9ff481cbb817ef8a6e3da6fbcf0cf6f29b554e1acb8c7384d"
url = "https://github.com/astral-sh/python-build-standalone/releases/download/20260924/cpython-3.13.15+20260924-x86_64-pc-windows-msvc-install_only_stripped.tar.gz"
provenance = "github-attestations"

[[tools.rust]]
version = "1.98.1"
backend = "core:rust"
specifiers = ["1.98.1"]

[tools.rust.options]
components = "clippy,rust-src,rustfmt"
profile = "minimal"
