version = 1
revision = 3
requires-python = ">=3.12, <3.14"

[[package]]
name = "fugashi"
version = "1.5.2"
source = { registry = "https://pypi.org/simple" }
sdist = { url = "https://files.pythonhosted.org/packages/ee/ec/b2e5aeba9438551ee4ae5275e95da506a279f53432e618daa1d4bd14c7d5/fugashi-1.5.2.tar.gz", hash = "sha256:a7959eab95bb37a6a934fc2314d3ff888664d11b88d0e1c596260a5785d5880e", size = 339768, upload-time = "2025-10-24T07:24:27.581Z" }
wheels = [
    { url = "https://files.pythonhosted.org/packages/f8/83/8674714722862cf7cbdc351ecacf0e0714daa1ae3afc48755d1349f92632/fugashi-1.5.2-cp312-cp312-macosx_10_13_universal2.whl", hash = "sha256:4ed199a931c1d9f7d55c606d90a06323d1a60164ec222ea70af74c0c9d236faa", size = 513185, upload-time = "2025-10-24T07:27:08.134Z" },
    { url = "https://files.pythonhosted.org/packages/65/e2/d8fbb71b3e04fe8e99bd7b2653ac638484d8ab46b22cab6ea64250a020ce/fugashi-1.5.2-cp312-cp312-macosx_10_13_x86_64.whl", hash = "sha256:3d2bb28cc6c6eec1c50729bb2dda44007a45599f0471b14c8fda57b0dde36d50", size = 457118, upload-time = "2025-10-24T07:27:09.185Z" },
    { url = "https://files.pythonhosted.org/packages/42/63/e5e02d885d3ea3eeba7f3be371164eb35f618155faa473f0950cbba2d276/fugashi-1.5.2-cp312-cp312-macosx_11_0_arm64.whl", hash = "sha256:8c1f64345a7a13b229fb755b567cbc993adb43b5b617ad4089521e5dd4d27b91", size = 455098, upload-time = "2025-10-24T07:27:10.139Z" },
    { url = "https://files.pythonhosted.org/packages/6b/5f/549fdaa359e1983927cf1febd8d6b4b31e2312475048a73138b53af8cb6c/fugashi-1.5.2-cp312-cp312-manylinux2014_aarch64.manylinux_2_17_aarch64.whl", hash = "sha256:ffe760c93e21896cc74066bc5e7dbee6e41a26199807c850b486e2e29b8a3131", size = 677940, upload-time = "2025-10-24T07:48:53.995Z" },
    { url = "https://files.pythonhosted.org/packages/cd/30/436dd468ac8e08940f0414384a5808596c2ed8cbfd721dde09d5b78e8ec5/fugashi-1.5.2-cp312-cp312-manylinux2014_x86_64.manylinux_2_17_x86_64.whl", hash = "sha256:83bc7bf08f81a3c3992bf10b8c681720898a826c6c3dffa80e1296e005f4bfb8", size = 694924, upload-time = "2025-10-24T07:25:39.112Z" },
    { url = "https://files.pythonhosted.org/packages/d7/ce/b18879c94c6267981a65792045321a1d71b849893b40d7e8356e0b55542c/fugashi-1.5.2-cp312-cp312-win_amd64.whl", hash = "sha256:936d710166c5b05064ec2ce0eb347fff7a0cf102c33989012fad205346943402", size = 508407, upload-time = "2025-10-24T07:24:25.409Z" },
    { url = "https://files.pythonhosted.org/packages/0b/8d/bfe6958e1afa874c8a2e3016728fb0d69d33c08fd96f27327d8eab8bff6e/fugashi-1.5.2-cp313-cp313-macosx_10_13_universal2.whl", hash = "sha256:5cd0a399aad72d00a3b6b2d8c45e43a8c1e3aefd86ba153c826426b8e133e533", size = 511673, upload-time = "2025-10-24T07:27:11.132Z" },
    { url = "https://files.pythonhosted.org/packages/8d/c7/4de35c314c1e8d169ce2f630ba2d7bc538e990a338287ed3fd945639263e/fugashi-1.5.2-cp313-cp313-macosx_10_13_x86_64.whl", hash = "sha256:52c79cddbdcf4bbd0490212d2b2d78b6011d4cf733ff4ef9455274da9a8d54f0", size = 456259, upload-time = "2025-10-24T07:27:12.272Z" },
    { url = "https://files.pythonhosted.org/packages/7c/31/a6a79ae7d2eec7e052069ae697e361b15702707977cded3a9f6332a6c26e/fugashi-1.5.2-cp313-cp313-macosx_11_0_arm64.whl", hash = "sha256:2ee7b102fef6ec554bdeba51a969ce894a519cc71bade5d05a27935de4426745", size = 454408, upload-time = "2025-10-24T07:27:13.613Z" },
    { url = "https://files.pythonhosted.org/packages/58/6c/827a698ab08b98d221995a44ebec382e5ee4e1bfd4f123ade612ba3b6b04/fugashi-1.5.2-cp313-cp313-manylinux2014_aarch64.manylinux_2_17_aarch64.whl", hash = "sha256:32e01a394011270078efb6c71ef188c327255544d953692cd82f7f726d59ecc4", size = 674106, upload-time = "2025-10-24T07:48:56.407Z" },
    { url = "https://files.pythonhosted.org/packages/c8/b4/07c38f81d69e02d3edce0fa1de545e12aed3f518e0d9304a7a061dc0b79f/fugashi-1.5.2-cp313-cp313-manylinux2014_x86_64.manylinux_2_17_x86_64.whl", hash = "sha256:0e79d3f09d847d07eddf8e62ad9840b11331102bc31ecd66455c62581af11638", size = 691438, upload-time = "2025-10-24T07:25:40.719Z" },
    { url = "https://files.pythonhosted.org/packages/62/8a/180961057af06edac8001de3b32367a07d6af096ed0d1f2b57753a9a9b0a/fugashi-1.5.2-cp313-cp313-win_amd64.whl", hash = "sha256:cc5e5ece1f6ba1ce00f2a0a9465d2b91fe01e904888aa0c7089a20e471646c47", size = 508286, upload-time = "2025-10-24T07:24:04.348Z" },
]

[package.optional-dependencies]
unidic-lite = [
    { name = "unidic-lite" },
]

[[package]]
name = "hasami-eval"
version = "0.1.0"
source = { virtual = "." }
dependencies = [
    { name = "fugashi", extra = ["unidic-lite"] },
    { name = "ipadic" },
    { name = "psutil" },
    { name = "sudachidict-core" },
    { name = "sudachipy" },
    { name = "tabulate" },
]

[package.metadata]
requires-dist = [
    { name = "fugashi", extras = ["unidic-lite"] },
    { name = "ipadic", specifier = ">=1.0.0" },
    { name = "psutil" },
    { name = "sudachidict-core" },
    { name = "sudachipy" },
    { name = "tabulate" },
]

[[package]]
name = "ipadic"
version = "1.0.0"
source = { registry = "https://pypi.org/simple" }
sdist = { url = "https://files.pythonhosted.org/packages/e7/4e/c459f94d62a0bef89f866857bc51b9105aff236b83928618315b41a26b7b/ipadic-1.0.0.tar.gz", hash = "sha256:f5923d31eca6131acaaf18ed28d8998665b1347b640d3a6476f64650e9a71c07", size = 13413189, upload-time = "2020-07-20T03:35:40.209Z" }

[[package]]
name = "psutil"
version = "7.2.2"
source = { registry = "https://pypi.org/simple" }
sdist = { url = "https://files.pythonhosted.org/packages/aa/c6/d1ddf4abb55e93cebc4f2ed8b5d6dbad109ecb8d63748dd2b20ab5e57ebe/psutil-7.2.2.tar.gz", hash = "sha256:0746f5f8d406af344fd547f1c8daa5f5c33dbc293bb8d6a16d80b4bb88f59372", size = 493740, upload-time = "2026-01-28T18:14:54.428Z" }
wheels = [
    { url = "https://files.pythonhosted.org/packages/51/08/510cbdb69c25a96f4ae523f733cdc963ae654904e8db864c07585ef99875/psutil-7.2.2-cp313-cp313t-macosx_10_13_x86_64.whl", hash = "sha256:2edccc433cbfa046b980b0df0171cd25bcaeb3a68fe9022db0979e7aa74a826b", size = 130595, upload-time = "2026-01-28T18:14:57.293Z" },
    { url = "https://files.pythonhosted.org/packages/d6/f5/97baea3fe7a5a9af7436301f85490905379b1c6f2dd51fe3ecf24b4c5fbf/psutil-7.2.2-cp313-cp313t-macosx_11_0_arm64.whl", hash = "sha256:e78c8603dcd9a04c7364f1a3e670cea95d51ee865e4efb3556a3a63adef958ea", size = 131082, upload-time = "2026-01-28T18:14:59.732Z" },
    { url = "https://files.pythonhosted.org/packages/37/d6/246513fbf9fa174af531f28412297dd05241d97a75911ac8febefa1a53c6/psutil-7.2.2-cp313-cp313t-manylinux2010_x86_64.manylinux_2_12_x86_64.manylinux_2_28_x86_64.whl", hash = "sha256:1a571f2330c966c62aeda00dd24620425d4b0cc86881c89861fbc04549e5dc63", size = 181476, upload-time = "2026-01-28T18:15:01.884Z" },
    { url = "https://files.pythonhosted.org/packages/b8/b5/9182c9af3836cca61696dabe4fd1304e17bc56cb62f17439e1154f225dd3/psutil-7.2.2-cp313-cp313t-manylinux2014_aarch64.manylinux_2_17_aarch64.manylinux_2_28_aarch64.whl", hash = "sha256:917e891983ca3c1887b4ef36447b1e0873e70c933afc831c6b6da078ba474312", size = 184062, upload-time = "2026-01-28T18:15:04.436Z" },
    { url = "https://files.pythonhosted.org/packages/16/ba/0756dca669f5a9300d0cbcbfae9a4c30e446dfc7440ffe43ded5724bfd93/psutil-7.2.2-cp313-cp313t-win_amd64.whl", hash = "sha256:ab486563df44c17f5173621c7b198955bd6b613fb87c71c161f827d3fb149a9b", size = 139893, upload-time = "2026-01-28T18:15:06.378Z" },
    { url = "https://files.pythonhosted.org/packages/1c/61/8fa0e26f33623b49949346de05ec1ddaad02ed8ba64af45f40a147dbfa97/psutil-7.2.2-cp313-cp313t-win_arm64.whl", hash = "sha256:ae0aefdd8796a7737eccea863f80f81e468a1e4cf14d926bd9b6f5f2d5f90ca9", size = 135589, upload-time = "2026-01-28T18:15:08.03Z" },
    { url = "https://files.pythonhosted.org/packages/e7/36/5ee6e05c9bd427237b11b3937ad82bb8ad2752d72c6969314590dd0c2f6e/psutil-7.2.2-cp36-abi3-macosx_10_9_x86_64.whl", hash = "sha256:ed0cace939114f62738d808fdcecd4c869222507e266e574799e9c0faa17d486", size = 129090, upload-time = "2026-01-28T18:15:22.168Z" },
    { url = "https://files.pythonhosted.org/packages/80/c4/f5af4c1ca8c1eeb2e92ccca14ce8effdeec651d5ab6053c589b074eda6e1/psutil-7.2.2-cp36-abi3-macosx_11_0_arm64.whl", hash = "sha256:1a7b04c10f32cc88ab39cbf606e117fd74721c831c98a27dc04578deb0c16979", size = 129859, upload-time = "2026-01-28T18:15:23.795Z" },
    { url = "https://files.pythonhosted.org/packages/b5/70/5d8df3b09e25bce090399cf48e452d25c935ab72dad19406c77f4e828045/psutil-7.2.2-cp36-abi3-manylinux2010_x86_64.manylinux_2_12_x86_64.manylinux_2_28_x86_64.whl", hash = "sha256:076a2d2f923fd4821644f5ba89f059523da90dc9014e85f8e45a5774ca5bc6f9", size = 155560, upload-time = "2026-01-28T18:15:25.976Z" },
    { url = "https://files.pythonhosted.org/packages/63/65/37648c0c158dc222aba51c089eb3bdfa238e621674dc42d48706e639204f/psutil-7.2.2-cp36-abi3-manylinux2014_aarch64.manylinux_2_17_aarch64.manylinux_2_28_aarch64.whl", hash = "sha256:b0726cecd84f9474419d67252add4ac0cd9811b04d61123054b9fb6f57df6e9e", size = 156997, upload-time = "2026-01-28T18:15:27.794Z" },
    { url = "https://files.pythonhosted.org/packages/8e/13/125093eadae863ce03c6ffdbae9929430d116a246ef69866dad94da3bfbc/psutil-7.2.2-cp36-abi3-musllinux_1_2_aarch64.whl", hash = "sha256:fd04ef36b4a6d599bbdb225dd1d3f51e00105f6d48a28f006da7f9822f2606d8", size = 148972, upload-time = "2026-01-28T18:15:29.342Z" },
    { url = "https://files.pythonhosted.org/packages/04/78/0acd37ca84ce3ddffaa92ef0f571e073faa6d8ff1f0559ab1272188ea2be/psutil-7.2.2-cp36-abi3-musllinux_1_2_x86_64.whl", hash = "sha256:b58fabe35e80b264a4e3bb23e6b96f9e45a3df7fb7eed419ac0e5947c61e47cc", size = 148266, upload-time = "2026-01-28T18:15:31.597Z" },
    { url = "https://files.pythonhosted.org/packages/b4/90/e2159492b5426be0c1fef7acba807a03511f97c5f86b3caeda6ad92351a7/psutil-7.2.2-cp37-abi3-win_amd64.whl", hash = "sha256:eb7e81434c8d223ec4a219b5fc1c47d0417b12be7ea866e24fb5ad6e84b3d988", size = 137737, upload-time = "2026-01-28T18:15:33.849Z" },
    { url = "https://files.pythonhosted.org/packages/8c/c7/7bb2e321574b10df20cbde462a94e2b71d05f9bbda251ef27d104668306a/psutil-7.2.2-cp37-abi3-win_arm64.whl", hash = "sha256:8c233660f575a5a89e6d4cb65d9f938126312bca76d8fe087b947b3a1aaac9ee", size = 134617, upload-time = "2026-01-28T18:15:36.514Z" },
]

[[package]]
name = "sudachidict-core"
version = "20260116"
source = { registry = "https://pypi.org/simple" }
dependencies = [
    { name = "sudachipy" },
]
sdist = { url = "https://files.pythonhosted.org/packages/8e/f9/92f818db5d18c54d9a456fdaa5cb4eb0848464fc48888f37f91b0112c2fc/sudachidict_core-20260116.tar.gz", hash = "sha256:81d3c8bbd880a58de33f9fb441663f46fb46a97b829d7ba7598f7085fedf319e", size = 9054, upload-time = "2026-01-20T02:56:34.263Z" }
wheels = [
    { url = "https://files.pythonhosted.org/packages/af/6a/dbf407b0a3b04ae9815e2b66997c60a9ae7c76e61ec0a2d5653745633400/sudachidict_core-20260116-py3-none-any.whl", hash = "sha256:6f0ab1d3ba074d36d487cfcb4dde9fa1aacd96d3d3559bc8691d3ed9c468b157", size = 72170257, upload-time = "2026-01-20T02:57:56.462Z" },
]

[[package]]
name = "sudachipy"
version = "0.6.10"
source = { registry = "https://pypi.org/simple" }
sdist = { url = "https://files.pythonhosted.org/packages/86/eb/ceadfb1e9178332839a75b91393765b135ab870fad9230d47c201c931607/sudachipy-0.6.10.tar.gz", hash = "sha256:b8910a4610de98b2c3cb6dc3362fea93e3ba5059f1eb445a68baa9585278f31b", size = 71518686, upload-time = "2025-01-10T07:15:22.811Z" }
wheels = [
    { url = "https://files.pythonhosted.org/packages/3d/82/3d330442ab967417440a3875654698b7091a24a2f0f50fe777461f168356/SudachiPy-0.6.10-cp312-cp312-macosx_10_13_universal2.whl", hash = "sha256:efb43fb3b46696ca4510b7dd4c3e490de8dbb7950d7172140dc27a4e69cd5811", size = 3041078, upload-time = "2025-01-10T07:14:51.455Z" },
    { url = "https://files.pythonhosted.org/packages/ad/30/93bf06bec9db46bef29e57bebb94db10a4726a8563bdaba6c9e086f067cd/SudachiPy-0.6.10-cp312-cp312-manylinux_2_17_x86_64.manylinux2014_x86_64.whl", hash = "sha256:0f8fd0ce37961401c9bdd78c126b2119a0a1669d376feb0b2427c35894ef1428", size = 1731213, upload-time = "2025-01-10T07:14:54.146Z" },
    { url = "https://files.pythonhosted.org/packages/7f/6f/8155e6dd268a582fc3b8db3caa3e83589bdf68d9b0a9f67a78436055206d/SudachiPy-0.6.10-cp312-cp312-win_amd64.whl", hash = "sha256:4a79b92b0776613481481c1ed0d2e92994b233ed5d29aa365789a1ba521de0a4", size = 1379214, upload-time = "2025-01-10T07:14:55.776Z" },
    { url = "https://files.pythonhosted.org/packages/f1/20/c58e1dde2b5413c68cc570f96e31c2ed1bc0b7b19b4eb67533dfaadbd94c/SudachiPy-0.6.10-cp313-cp313-macosx_10_13_universal2.whl", hash = "sha256:cc97b5d48f46f9989d97e105f7dd6419da2174888fcc42e55c0e4cd46597ed3b", size = 3040385, upload-time = "2025-01-10T07:14:58.575Z" },
    { url = "https://files.pythonhosted.org/packages/58/f4/3451dbe8fa54a7b23285512db018c622e10d649a94f134f9fc92292eb4a4/SudachiPy-0.6.10-cp313-cp313-manylinux_2_17_x86_64.manylinux2014_x86_64.whl", hash = "sha256:9794b73fffd8099d93e07882ba87eee5edbed0e4f1b94761db8f22c8e5da9904", size = 1730957, upload-time = "2025-01-10T07:15:01.296Z" },
    { url = "https://files.pythonhosted.org/packages/47/d3/e3cbab0b5d84df3c9d46e18fa07b84e2ab0b317daafb2bcd01610895106d/SudachiPy-0.6.10-cp313-cp313-win_amd64.whl", hash = "sha256:0fc5b60920a439c534688237e2651e15e4eaadc166a63182d6e24ac7ef3e4779", size = 1378958, upload-time = "2025-01-10T07:15:03.877Z" },
    { url = "https://files.pythonhosted.org/packages/9b/da/279d12cab13f2affa9edd0ad4d5631573f4de07a020ad89a4ad0195f1d7c/SudachiPy-0.6.10-cp313-cp313t-macosx_10_13_universal2.whl", hash = "sha256:7455e5cbb4c2cf9294c82345c9d46b344774b4eb23eca917f305ed716d8d5168", size = 3033253, upload-time = "2025-01-10T07:15:06.674Z" },
    { url = "https://files.pythonhosted.org/packages/66/ed/36eabf79eb81c38d477b77a5ab8fd62c8a4814a82c845f079f0c3b78ff18/SudachiPy-0.6.10-cp313-cp313t-manylinux_2_17_x86_64.manylinux2014_x86_64.whl", hash = "sha256:38d0de9e840ac8d199e714a40506792ea5237d0db0c966da16d51fbc74a508d6", size = 1730534, upload-time = "2025-01-10T07:15:09.348Z" },
]

[[package]]
name = "tabulate"
version = "0.10.0"
source = { registry = "https://pypi.org/simple" }
sdist = { url = "https://files.pythonhosted.org/packages/46/58/8c37dea7bbf769b20d58e7ace7e5edfe65b849442b00ffcdd56be88697c6/tabulate-0.10.0.tar.gz", hash = "sha256:e2cfde8f79420f6deeffdeda9aaec3b6bc5abce947655d17ac662b126e48a60d", size = 91754, upload-time = "2026-03-04T18:55:34.402Z" }
wheels = [
    { url = "https://files.pythonhosted.org/packages/99/55/db07de81b5c630da5cbf5c7df646580ca26dfaefa593667fc6f2fe016d2e/tabulate-0.10.0-py3-none-any.whl", hash = "sha256:f0b0622e567335c8fabaaa659f1b33bcb6ddfe2e496071b743aa113f8774f2d3", size = 39814, upload-time = "2026-03-04T18:55:31.284Z" },
]

[[package]]
name = "unidic-lite"
version = "1.0.8"
source = { registry = "https://pypi.org/simple" }
sdist = { url = "https://files.pythonhosted.org/packages/55/2b/8cf7514cb57d028abcef625afa847d60ff1ffbf0049c36b78faa7c35046f/unidic-lite-1.0.8.tar.gz", hash = "sha256:db9d4572d9fdd4d00a97949d4b0741ec480ee05a7e7e2e32f547500dae27b245", size = 47356746, upload-time = "2021-01-25T06:07:54.719Z" }
